{
  "name": "@sscots/jqjs",
  "version": "1.3.0",
  "lockfileVersion": 2,
  "requires": true,
  "packages": {
    "": {
      "name": "@sscots/jqjs",
      "version": "1.3.0",
      "license": "ISC",
      "dependencies": {
        "@sscots/jqjs": "file:"
      }
    },
    "node_modules/@sscots/jqjs": {
      "resolved": "",
      "link": true
    }
  },
  "dependencies": {
    "@sscots/jqjs": {
      "version": "file:",
      "requires": {
        "@sscots/jqjs": "file:"
      }
    }
  }
}
